// !$*UTF8*$!
{
	archiveVersion = 1;
	classes = {
	};
	objectVersion = 56;
	objects = {

/* Begin PBXBuildFile section */
		E66724CE2D11D35900AFD8B6 /* InteractorInterface.swift in Sources */ = {isa = PBXBuildFile; fileRef = E66724C92D11D35800AFD8B6 /* InteractorInterface.swift */; };
		E66724CF2D11D35900AFD8B6 /* BaseWireframe.swift in Sources */ = {isa = PBXBuildFile; fileRef = E66724CA2D11D35900AFD8B6 /* BaseWireframe.swift */; };
		E66724D02D11D35900AFD8B6 /* PresenterInterface.swift in Sources */ = {isa = PBXBuildFile; fileRef = E66724CB2D11D35900AFD8B6 /* PresenterInterface.swift */; };
		E66724D12D11D35900AFD8B6 /* UIStoryboardExtension.swift in Sources */ = {isa = PBXBuildFile; fileRef = E66724CC2D11D35900AFD8B6 /* UIStoryboardExtension.swift */; };
		E66724D22D11D35900AFD8B6 /* ViewInterface.swift in Sources */ = {isa = PBXBuildFile; fileRef = E66724CD2D11D35900AFD8B6 /* ViewInterface.swift */; };
		E66724EF2D11D48000AFD8B6 /* CoinListInterfaces.swift in Sources */ = {isa = PBXBuildFile; fileRef = E66724EA2D11D48000AFD8B6 /* CoinListInterfaces.swift */; };
		E66724F02D11D48000AFD8B6 /* CoinListPresenter.swift in Sources */ = {isa = PBXBuildFile; fileRef = E66724EB2D11D48000AFD8B6 /* CoinListPresenter.swift */; };
		E66724F12D11D48000AFD8B6 /* CoinListViewController.swift in Sources */ = {isa = PBXBuildFile; fileRef = E66724EC2D11D48000AFD8B6 /* CoinListViewController.swift */; };
		E66724F22D11D48000AFD8B6 /* CoinListInteractor.swift in Sources */ = {isa = PBXBuildFile; fileRef = E66724ED2D11D48000AFD8B6 /* CoinListInteractor.swift */; };
		E66724F32D11D48000AFD8B6 /* CoinListWireframe.swift in Sources */ = {isa = PBXBuildFile; fileRef = E66724EE2D11D48000AFD8B6 /* CoinListWireframe.swift */; };
		E66724F82D11E29900AFD8B6 /* CoinModel.swift in Sources */ = {isa = PBXBuildFile; fileRef = E66724F72D11E29900AFD8B6 /* CoinModel.swift */; };
		E66724FC2D11EA5A00AFD8B6 /* NetworkManager.swift in Sources */ = {isa = PBXBuildFile; fileRef = E66724FB2D11EA5A00AFD8B6 /* NetworkManager.swift */; };
		E66724FF2D11F21B00AFD8B6 /* StorageProtocol.swift in Sources */ = {isa = PBXBuildFile; fileRef = E66724FE2D11F21B00AFD8B6 /* StorageProtocol.swift */; };
		E66725012D11F23400AFD8B6 /* CoreDataStorage.swift in Sources */ = {isa = PBXBuildFile; fileRef = E66725002D11F23400AFD8B6 /* CoreDataStorage.swift */; };
		E66725042D11F26700AFD8B6 /* CoreDataManager.swift in Sources */ = {isa = PBXBuildFile; fileRef = E66725032D11F26700AFD8B6 /* CoreDataManager.swift */; };
		E667250A2D11F37B00AFD8B6 /* CoinDataModel.xcdatamodeld in Sources */ = {isa = PBXBuildFile; fileRef = E66725082D11F37B00AFD8B6 /* CoinDataModel.xcdatamodeld */; };
		E667250C2D11F92300AFD8B6 /* AppStorage.swift in Sources */ = {isa = PBXBuildFile; fileRef = E667250B2D11F92300AFD8B6 /* AppStorage.swift */; };
		E6CD5AD92D11C43A00F5FDB0 /* AppDelegate.swift in Sources */ = {isa = PBXBuildFile; fileRef = E6CD5AD82D11C43A00F5FDB0 /* AppDelegate.swift */; };
		E6CD5ADB2D11C43A00F5FDB0 /* SceneDelegate.swift in Sources */ = {isa = PBXBuildFile; fileRef = E6CD5ADA2D11C43A00F5FDB0 /* SceneDelegate.swift */; };
		E6CD5AE22D11C43C00F5FDB0 /* Assets.xcassets in Resources */ = {isa = PBXBuildFile; fileRef = E6CD5AE12D11C43C00F5FDB0 /* Assets.xcassets */; };
		E6CD5AE52D11C43C00F5FDB0 /* Base in Resources */ = {isa = PBXBuildFile; fileRef = E6CD5AE42D11C43C00F5FDB0 /* Base */; };
/* End PBXBuildFile section */

/* Begin PBXFileReference section */
		E66724C92D11D35800AFD8B6 /* InteractorInterface.swift */ = {isa = PBXFileReference; fileEncoding = 4; lastKnownFileType = sourcecode.swift; path = InteractorInterface.swift; sourceTree = "<group>"; };
		E66724CA2D11D35900AFD8B6 /* BaseWireframe.swift */ = {isa = PBXFileReference; fileEncoding = 4; lastKnownFileType = sourcecode.swift; path = BaseWireframe.swift; sourceTree = "<group>"; };
		E66724CB2D11D35900AFD8B6 /* PresenterInterface.swift */ = {isa = PBXFileReference; fileEncoding = 4; lastKnownFileType = sourcecode.swift; path = PresenterInterface.swift; sourceTree = "<group>"; };
		E66724CC2D11D35900AFD8B6 /* UIStoryboardExtension.swift */ = {isa = PBXFileReference; fileEncoding = 4; lastKnownFileType = sourcecode.swift; path = UIStoryboardExtension.swift; sourceTree = "<group>"; };
		E66724CD2D11D35900AFD8B6 /* ViewInterface.swift */ = {isa = PBXFileReference; fileEncoding = 4; lastKnownFileType = sourcecode.swift; path = ViewInterface.swift; sourceTree = "<group>"; };
		E66724EA2D11D48000AFD8B6 /* CoinListInterfaces.swift */ = {isa = PBXFileReference; lastKnownFileType = sourcecode.swift; path = CoinListInterfaces.swift; sourceTree = "<group>"; };
		E66724EB2D11D48000AFD8B6 /* CoinListPresenter.swift */ = {isa = PBXFileReference; lastKnownFileType = sourcecode.swift; path = CoinListPresenter.swift; sourceTree = "<group>"; };
		E66724EC2D11D48000AFD8B6 /* CoinListViewController.swift */ = {isa = PBXFileReference; lastKnownFileType = sourcecode.swift; path = CoinListViewController.swift; sourceTree = "<group>"; };
		E66724ED2D11D48000AFD8B6 /* CoinListInteractor.swift */ = {isa = PBXFileReference; lastKnownFileType = sourcecode.swift; path = CoinListInteractor.swift; sourceTree = "<group>"; };
		E66724EE2D11D48000AFD8B6 /* CoinListWireframe.swift */ = {isa = PBXFileReference; lastKnownFileType = sourcecode.swift; path = CoinListWireframe.swift; sourceTree = "<group>"; };
		E66724F72D11E29900AFD8B6 /* CoinModel.swift */ = {isa = PBXFileReference; lastKnownFileType = sourcecode.swift; path = CoinModel.swift; sourceTree = "<group>"; };
		E66724FB2D11EA5A00AFD8B6 /* NetworkManager.swift */ = {isa = PBXFileReference; lastKnownFileType = sourcecode.swift; path = NetworkManager.swift; sourceTree = "<group>"; };
		E66724FE2D11F21B00AFD8B6 /* StorageProtocol.swift */ = {isa = PBXFileReference; lastKnownFileType = sourcecode.swift; path = StorageProtocol.swift; sourceTree = "<group>"; };
		E66725002D11F23400AFD8B6 /* CoreDataStorage.swift */ = {isa = PBXFileReference; lastKnownFileType = sourcecode.swift; path = CoreDataStorage.swift; sourceTree = "<group>"; };
		E66725032D11F26700AFD8B6 /* CoreDataManager.swift */ = {isa = PBXFileReference; lastKnownFileType = sourcecode.swift; path = CoreDataManager.swift; sourceTree = "<group>"; };
		E66725092D11F37B00AFD8B6 /* CoinDataModel.xcdatamodel */ = {isa = PBXFileReference; lastKnownFileType = wrapper.xcdatamodel; path = CoinDataModel.xcdatamodel; sourceTree = "<group>"; };
		E667250B2D11F92300AFD8B6 /* AppStorage.swift */ = {isa = PBXFileReference; lastKnownFileType = sourcecode.swift; path = AppStorage.swift; sourceTree = "<group>"; };
		E6CD5AD52D11C43A00F5FDB0 /* pratikcoinlistdemo.app */ = {isa = PBXFileReference; explicitFileType = wrapper.application; includeInIndex = 0; path = pratikcoinlistdemo.app; sourceTree = BUILT_PRODUCTS_DIR; };
		E6CD5AD82D11C43A00F5FDB0 /* AppDelegate.swift */ = {isa = PBXFileReference; lastKnownFileType = sourcecode.swift; path = AppDelegate.swift; sourceTree = "<group>"; };
		E6CD5ADA2D11C43A00F5FDB0 /* SceneDelegate.swift */ = {isa = PBXFileReference; lastKnownFileType = sourcecode.swift; path = SceneDelegate.swift; sourceTree = "<group>"; };
		E6CD5AE12D11C43C00F5FDB0 /* Assets.xcassets */ = {isa = PBXFileReference; lastKnownFileType = folder.assetcatalog; path = Assets.xcassets; sourceTree = "<group>"; };
		E6CD5AE42D11C43C00F5FDB0 /* Base */ = {isa = PBXFileReference; lastKnownFileType = file.storyboard; name = Base; path = Base.lproj/LaunchScreen.storyboard; sourceTree = "<group>"; };
		E6CD5AE62D11C43C00F5FDB0 /* Info.plist */ = {isa = PBXFileReference; lastKnownFileType = text.plist.xml; path = Info.plist; sourceTree = "<group>"; };
/* End PBXFileReference section */

/* Begin PBXFrameworksBuildPhase section */
		E6CD5AD22D11C43A00F5FDB0 /* Frameworks */ = {
			isa = PBXFrameworksBuildPhase;
			buildActionMask = 2147483647;
			files = (
			);
			runOnlyForDeploymentPostprocessing = 0;
		};
/* End PBXFrameworksBuildPhase section */

/* Begin PBXGroup section */
		E66724C82D11D34000AFD8B6 /* VIPER */ = {
			isa = PBXGroup;
			children = (
				E66724CA2D11D35900AFD8B6 /* BaseWireframe.swift */,
				E66724C92D11D35800AFD8B6 /* InteractorInterface.swift */,
				E66724CB2D11D35900AFD8B6 /* PresenterInterface.swift */,
				E66724CC2D11D35900AFD8B6 /* UIStoryboardExtension.swift */,
				E66724CD2D11D35900AFD8B6 /* ViewInterface.swift */,
			);
			path = VIPER;
			sourceTree = "<group>";
		};
		E66724E92D11D45B00AFD8B6 /* Wireframes */ = {
			isa = PBXGroup;
			children = (
				E66724F92D11E99400AFD8B6 /* CoinList */,
			);
			path = Wireframes;
			sourceTree = "<group>";
		};
		E66724F42D11E13A00AFD8B6 /* View */ = {
			isa = PBXGroup;
			children = (
				E66724F52D11E14400AFD8B6 /* TableViewCell */,
			);
			path = View;
			sourceTree = "<group>";
		};
		E66724F52D11E14400AFD8B6 /* TableViewCell */ = {
			isa = PBXGroup;
			children = (
			);
			path = TableViewCell;
			sourceTree = "<group>";
		};
		E66724F62D11E28600AFD8B6 /* Model */ = {
			isa = PBXGroup;
			children = (
				E66724F72D11E29900AFD8B6 /* CoinModel.swift */,
			);
			path = Model;
			sourceTree = "<group>";
		};
		E66724F92D11E99400AFD8B6 /* CoinList */ = {
			isa = PBXGroup;
			children = (
				E66724F42D11E13A00AFD8B6 /* View */,
				E66724EA2D11D48000AFD8B6 /* CoinListInterfaces.swift */,
				E66724EB2D11D48000AFD8B6 /* CoinListPresenter.swift */,
				E66724EC2D11D48000AFD8B6 /* CoinListViewController.swift */,
				E66724ED2D11D48000AFD8B6 /* CoinListInteractor.swift */,
				E66724EE2D11D48000AFD8B6 /* CoinListWireframe.swift */,
			);
			path = CoinList;
			sourceTree = "<group>";
		};
		E66724FA2D11EA1A00AFD8B6 /* Network */ = {
			isa = PBXGroup;
			children = (
				E66724FB2D11EA5A00AFD8B6 /* NetworkManager.swift */,
			);
			path = Network;
			sourceTree = "<group>";
		};
		E66724FD2D11F17300AFD8B6 /* LocalStorage */ = {
			isa = PBXGroup;
			children = (
				E66724FE2D11F21B00AFD8B6 /* StorageProtocol.swift */,
				E66725002D11F23400AFD8B6 /* CoreDataStorage.swift */,
				E667250B2D11F92300AFD8B6 /* AppStorage.swift */,
			);
			path = LocalStorage;
			sourceTree = "<group>";
		};
		E66725022D11F24900AFD8B6 /* CoreData */ = {
			isa = PBXGroup;
			children = (
				E66725032D11F26700AFD8B6 /* CoreDataManager.swift */,
			);
			path = CoreData;
			sourceTree = "<group>";
		};
		E6CD5ACC2D11C43A00F5FDB0 = {
			isa = PBXGroup;
			children = (
				E66725082D11F37B00AFD8B6 /* CoinDataModel.xcdatamodeld */,
				E6CD5AD72D11C43A00F5FDB0 /* pratikcoinlistdemo */,
				E6CD5AD62D11C43A00F5FDB0 /* Products */,
			);
			sourceTree = "<group>";
		};
		E6CD5AD62D11C43A00F5FDB0 /* Products */ = {
			isa = PBXGroup;
			children = (
				E6CD5AD52D11C43A00F5FDB0 /* pratikcoinlistdemo.app */,
			);
			name = Products;
			sourceTree = "<group>";
		};
		E6CD5AD72D11C43A00F5FDB0 /* pratikcoinlistdemo */ = {
			isa = PBXGroup;
			children = (
				E66725022D11F24900AFD8B6 /* CoreData */,
				E66724FD2D11F17300AFD8B6 /* LocalStorage */,
				E66724FA2D11EA1A00AFD8B6 /* Network */,
				E66724F62D11E28600AFD8B6 /* Model */,
				E66724E92D11D45B00AFD8B6 /* Wireframes */,
				E66724C82D11D34000AFD8B6 /* VIPER */,
				E6CD5AD82D11C43A00F5FDB0 /* AppDelegate.swift */,
				E6CD5ADA2D11C43A00F5FDB0 /* SceneDelegate.swift */,
				E6CD5AE12D11C43C00F5FDB0 /* Assets.xcassets */,
				E6CD5AE32D11C43C00F5FDB0 /* LaunchScreen.storyboard */,
				E6CD5AE62D11C43C00F5FDB0 /* Info.plist */,
			);
			path = pratikcoinlistdemo;
			sourceTree = "<group>";
		};
/* End PBXGroup section */

/* Begin PBXNativeTarget section */
		E6CD5AD42D11C43A00F5FDB0 /* pratikcoinlistdemo */ = {
			isa = PBXNativeTarget;
			buildConfigurationList = E6CD5AE92D11C43C00F5FDB0 /* Build configuration list for PBXNativeTarget "pratikcoinlistdemo" */;
			buildPhases = (
				E6CD5AD12D11C43A00F5FDB0 /* Sources */,
				E6CD5AD22D11C43A00F5FDB0 /* Frameworks */,
				E6CD5AD32D11C43A00F5FDB0 /* Resources */,
			);
			buildRules = (
			);
			dependencies = (
			);
			name = pratikcoinlistdemo;
			productName = pratikcoinlistdemo;
			productReference = E6CD5AD52D11C43A00F5FDB0 /* pratikcoinlistdemo.app */;
			productType = "com.apple.product-type.application";
		};
/* End PBXNativeTarget section */

/* Begin PBXProject section */
		E6CD5ACD2D11C43A00F5FDB0 /* Project object */ = {
			isa = PBXProject;
			attributes = {
				BuildIndependentTargetsInParallel = 1;
				LastSwiftUpdateCheck = 1530;
				LastUpgradeCheck = 1530;
				TargetAttributes = {
					E6CD5AD42D11C43A00F5FDB0 = {
						CreatedOnToolsVersion = 15.3;
					};
				};
			};
			buildConfigurationList = E6CD5AD02D11C43A00F5FDB0 /* Build configuration list for PBXProject "pratikcoinlistdemo" */;
			compatibilityVersion = "Xcode 14.0";
			developmentRegion = en;
			hasScannedForEncodings = 0;
			knownRegions = (
				en,
				Base,
			);
			mainGroup = E6CD5ACC2D11C43A00F5FDB0;
			productRefGroup = E6CD5AD62D11C43A00F5FDB0 /* Products */;
			projectDirPath = "";
			projectRoot = "";
			targets = (
				E6CD5AD42D11C43A00F5FDB0 /* pratikcoinlistdemo */,
			);
		};
/* End PBXProject section */

/* Begin PBXResourcesBuildPhase section */
		E6CD5AD32D11C43A00F5FDB0 /* Resources */ = {
			isa = PBXResourcesBuildPhase;
			buildActionMask = 2147483647;
			files = (
				E6CD5AE22D11C43C00F5FDB0 /* Assets.xcassets in Resources */,
				E6CD5AE52D11C43C00F5FDB0 /* Base in Resources */,
			);
			runOnlyForDeploymentPostprocessing = 0;
		};
/* End PBXResourcesBuildPhase section */

/* Begin PBXSourcesBuildPhase section */
		E6CD5AD12D11C43A00F5FDB0 /* Sources */ = {
			isa = PBXSourcesBuildPhase;
			buildActionMask = 2147483647;
			files = (
				E667250C2D11F92300AFD8B6 /* AppStorage.swift in Sources */,
				E66724CE2D11D35900AFD8B6 /* InteractorInterface.swift in Sources */,
				E66724CF2D11D35900AFD8B6 /* BaseWireframe.swift in Sources */,
				E66724EF2D11D48000AFD8B6 /* CoinListInterfaces.swift in Sources */,
				E66724F02D11D48000AFD8B6 /* CoinListPresenter.swift in Sources */,
				E66725042D11F26700AFD8B6 /* CoreDataManager.swift in Sources */,
				E66724F12D11D48000AFD8B6 /* CoinListViewController.swift in Sources */,
				E66724F22D11D48000AFD8B6 /* CoinListInteractor.swift in Sources */,
				E66724F32D11D48000AFD8B6 /* CoinListWireframe.swift in Sources */,
				E66724FF2D11F21B00AFD8B6 /* StorageProtocol.swift in Sources */,
				E66725012D11F23400AFD8B6 /* CoreDataStorage.swift in Sources */,
				E66724D22D11D35900AFD8B6 /* ViewInterface.swift in Sources */,
				E66724D02D11D35900AFD8B6 /* PresenterInterface.swift in Sources */,
				E6CD5AD92D11C43A00F5FDB0 /* AppDelegate.swift in Sources */,
				E66724FC2D11EA5A00AFD8B6 /* NetworkManager.swift in Sources */,
				E667250A2D11F37B00AFD8B6 /* CoinDataModel.xcdatamodeld in Sources */,
				E66724F82D11E29900AFD8B6 /* CoinModel.swift in Sources */,
				E6CD5ADB2D11C43A00F5FDB0 /* SceneDelegate.swift in Sources */,
				E66724D12D11D35900AFD8B6 /* UIStoryboardExtension.swift in Sources */,
			);
			runOnlyForDeploymentPostprocessing = 0;
		};
/* End PBXSourcesBuildPhase section */

/* Begin PBXVariantGroup section */
		E6CD5AE32D11C43C00F5FDB0 /* LaunchScreen.storyboard */ = {
			isa = PBXVariantGroup;
			children = (
				E6CD5AE42D11C43C00F5FDB0 /* Base */,
			);
			name = LaunchScreen.storyboard;
			sourceTree = "<group>";
		};
/* End PBXVariantGroup section */

/* Begin XCBuildConfiguration section */
		E6CD5AE72D11C43C00F5FDB0 /* Debug */ = {
			isa = XCBuildConfiguration;
			buildSettings = {
				ALWAYS_SEARCH_USER_PATHS = NO;
				ASSETCATALOG_COMPILER_GENERATE_SWIFT_ASSET_SYMBOL_EXTENSIONS = YES;
				CLANG_ANALYZER_NONNULL = YES;
				CLANG_ANALYZER_NUMBER_OBJECT_CONVERSION = YES_AGGRESSIVE;
				CLANG_CXX_LANGUAGE_STANDARD = "gnu++20";
				CLANG_ENABLE_MODULES = YES;
				CLANG_ENABLE_OBJC_ARC = YES;
				CLANG_ENABLE_OBJC_WEAK = YES;
				CLANG_WARN_BLOCK_CAPTURE_AUTORELEASING = YES;
				CLANG_WARN_BOOL_CONVERSION = YES;
				CLANG_WARN_COMMA = YES;
				CLANG_WARN_CONSTANT_CONVERSION = YES;
				CLANG_WARN_DEPRECATED_OBJC_IMPLEMENTATIONS = YES;
				CLANG_WARN_DIRECT_OBJC_ISA_USAGE = YES_ERROR;
				CLANG_WARN_DOCUMENTATION_COMMENTS = YES;
				CLANG_WARN_EMPTY_BODY = YES;
				CLANG_WARN_ENUM_CONVERSION = YES;
				CLANG_WARN_INFINITE_RECURSION = YES;
				CLANG_WARN_INT_CONVERSION = YES;
				CLANG_WARN_NON_LITERAL_NULL_CONVERSION = YES;
				CLANG_WARN_OBJC_IMPLICIT_RETAIN_SELF = YES;
				CLANG_WARN_OBJC_LITERAL_CONVERSION = YES;
				CLANG_WARN_OBJC_ROOT_CLASS = YES_ERROR;
				CLANG_WARN_QUOTED_INCLUDE_IN_FRAMEWORK_HEADER = YES;
				CLANG_WARN_RANGE_LOOP_ANALYSIS = YES;
				CLANG_WARN_STRICT_PROTOTYPES = YES;
				CLANG_WARN_SUSPICIOUS_MOVE = YES;
				CLANG_WARN_UNGUARDED_AVAILABILITY = YES_AGGRESSIVE;
				CLANG_WARN_UNREACHABLE_CODE = YES;
				CLANG_WARN__DUPLICATE_METHOD_MATCH = YES;
				COPY_PHASE_STRIP = NO;
				DEBUG_INFORMATION_FORMAT = dwarf;
				ENABLE_STRICT_OBJC_MSGSEND = YES;
				ENABLE_TESTABILITY = YES;
				ENABLE_USER_SCRIPT_SANDBOXING = YES;
				GCC_C_LANGUAGE_STANDARD = gnu17;
				GCC_DYNAMIC_NO_PIC = NO;
				GCC_NO_COMMON_BLOCKS = YES;
				GCC_OPTIMIZATION_LEVEL = 0;
				GCC_PREPROCESSOR_DEFINITIONS = (
					"DEBUG=1",
					"$(inherited)",
				);
				GCC_WARN_64_TO_32_BIT_CONVERSION = YES;
				GCC_WARN_ABOUT_RETURN_TYPE = YES_ERROR;
				GCC_WARN_UNDECLARED_SELECTOR = YES;
				GCC_WARN_UNINITIALIZED_AUTOS = YES_AGGRESSIVE;
				GCC_WARN_UNUSED_FUNCTION = YES;
				GCC_WARN_UNUSED_VARIABLE = YES;
				IPHONEOS_DEPLOYMENT_TARGET = 17.4;
				LOCALIZATION_PREFERS_STRING_CATALOGS = YES;
				MTL_ENABLE_DEBUG_INFO = INCLUDE_SOURCE;
				MTL_FAST_MATH = YES;
				ONLY_ACTIVE_ARCH = YES;
				SDKROOT = iphoneos;
				SWIFT_ACTIVE_COMPILATION_CONDITIONS = "DEBUG $(inherited)";
				SWIFT_OPTIMIZATION_LEVEL = "-Onone";
			};
			name = Debug;
		};
		E6CD5AE82D11C43C00F5FDB0 /* Release */ = {
			isa = XCBuildConfiguration;
			buildSettings = {
				ALWAYS_SEARCH_USER_PATHS = NO;
				ASSETCATALOG_COMPILER_GENERATE_SWIFT_ASSET_SYMBOL_EXTENSIONS = YES;
				CLANG_ANALYZER_NONNULL = YES;
				CLANG_ANALYZER_NUMBER_OBJECT_CONVERSION = YES_AGGRESSIVE;
				CLANG_CXX_LANGUAGE_STANDARD = "gnu++20";
				CLANG_ENABLE_MODULES = YES;
				CLANG_ENABLE_OBJC_ARC = YES;
				CLANG_ENABLE_OBJC_WEAK = YES;
				CLANG_WARN_BLOCK_CAPTURE_AUTORELEASING = YES;
				CLANG_WARN_BOOL_CONVERSION = YES;
				CLANG_WARN_COMMA = YES;
				CLANG_WARN_CONSTANT_CONVERSION = YES;
				CLANG_WARN_DEPRECATED_OBJC_IMPLEMENTATIONS = YES;
				CLANG_WARN_DIRECT_OBJC_ISA_USAGE = YES_ERROR;
				CLANG_WARN_DOCUMENTATION_COMMENTS = YES;
				CLANG_WARN_EMPTY_BODY = YES;
				CLANG_WARN_ENUM_CONVERSION = YES;
				CLANG_WARN_INFINITE_RECURSION = YES;
				CLANG_WARN_INT_CONVERSION = YES;
				CLANG_WARN_NON_LITERAL_NULL_CONVERSION = YES;
				CLANG_WARN_OBJC_IMPLICIT_RETAIN_SELF = YES;
				CLANG_WARN_OBJC_LITERAL_CONVERSION = YES;
				CLANG_WARN_OBJC_ROOT_CLASS = YES_ERROR;
				CLANG_WARN_QUOTED_INCLUDE_IN_FRAMEWORK_HEADER = YES;
				CLANG_WARN_RANGE_LOOP_ANALYSIS = YES;
				CLANG_WARN_STRICT_PROTOTYPES = YES;
				CLANG_WARN_SUSPICIOUS_MOVE = YES;
				CLANG_WARN_UNGUARDED_AVAILABILITY = YES_AGGRESSIVE;
				CLANG_WARN_UNREACHABLE_CODE = YES;
				CLANG_WARN__DUPLICATE_METHOD_MATCH = YES;
				COPY_PHASE_STRIP = NO;
				DEBUG_INFORMATION_FORMAT = "dwarf-with-dsym";
				ENABLE_NS_ASSERTIONS = NO;
				ENABLE_STRICT_OBJC_MSGSEND = YES;
				ENABLE_USER_SCRIPT_SANDBOXING = YES;
				GCC_C_LANGUAGE_STANDARD = gnu17;
				GCC_NO_COMMON_BLOCKS = YES;
				GCC_WARN_64_TO_32_BIT_CONVERSION = YES;
				GCC_WARN_ABOUT_RETURN_TYPE = YES_ERROR;
				GCC_WARN_UNDECLARED_SELECTOR = YES;
				GCC_WARN_UNINITIALIZED_AUTOS = YES_AGGRESSIVE;
				GCC_WARN_UNUSED_FUNCTION = YES;
				GCC_WARN_UNUSED_VARIABLE = YES;
				IPHONEOS_DEPLOYMENT_TARGET = 17.4;
				LOCALIZATION_PREFERS_STRING_CATALOGS = YES;
				MTL_ENABLE_DEBUG_INFO = NO;
				MTL_FAST_MATH = YES;
				SDKROOT = iphoneos;
				SWIFT_COMPILATION_MODE = wholemodule;
				VALIDATE_PRODUCT = YES;
			};
			name = Release;
		};
		E6CD5AEA2D11C43C00F5FDB0 /* Debug */ = {
			isa = XCBuildConfiguration;
			buildSettings = {
				ASSETCATALOG_COMPILER_APPICON_NAME = AppIcon;
				ASSETCATALOG_COMPILER_GLOBAL_ACCENT_COLOR_NAME = AccentColor;
				CODE_SIGN_STYLE = Automatic;
				CURRENT_PROJECT_VERSION = 1;
				GENERATE_INFOPLIST_FILE = YES;
				INFOPLIST_FILE = pratikcoinlistdemo/Info.plist;
				INFOPLIST_KEY_UIApplicationSupportsIndirectInputEvents = YES;
				INFOPLIST_KEY_UILaunchStoryboardName = LaunchScreen;
				INFOPLIST_KEY_UISupportedInterfaceOrientations_iPad = "UIInterfaceOrientationPortrait UIInterfaceOrientationPortraitUpsideDown UIInterfaceOrientationLandscapeLeft UIInterfaceOrientationLandscapeRight";
				INFOPLIST_KEY_UISupportedInterfaceOrientations_iPhone = "UIInterfaceOrientationPortrait UIInterfaceOrientationLandscapeLeft UIInterfaceOrientationLandscapeRight";
				IPHONEOS_DEPLOYMENT_TARGET = 17;
				LD_RUNPATH_SEARCH_PATHS = (
					"$(inherited)",
					"@executable_path/Frameworks",
				);
				MARKETING_VERSION = 1.0;
				PRODUCT_BUNDLE_IDENTIFIER = com.pratikcoinlistdemo;
				PRODUCT_NAME = "$(TARGET_NAME)";
				SWIFT_EMIT_LOC_STRINGS = YES;
				SWIFT_VERSION = 5.0;
				TARGETED_DEVICE_FAMILY = "1,2";
			};
			name = Debug;
		};
		E6CD5AEB2D11C43C00F5FDB0 /* Release */ = {
			isa = XCBuildConfiguration;
			buildSettings = {
				ASSETCATALOG_COMPILER_APPICON_NAME = AppIcon;
				ASSETCATALOG_COMPILER_GLOBAL_ACCENT_COLOR_NAME = AccentColor;
				CODE_SIGN_STYLE = Automatic;
				CURRENT_PROJECT_VERSION = 1;
				GENERATE_INFOPLIST_FILE = YES;
				INFOPLIST_FILE = pratikcoinlistdemo/Info.plist;
				INFOPLIST_KEY_UIApplicationSupportsIndirectInputEvents = YES;
				INFOPLIST_KEY_UILaunchStoryboardName = LaunchScreen;
				INFOPLIST_KEY_UISupportedInterfaceOrientations_iPad = "UIInterfaceOrientationPortrait UIInterfaceOrientationPortraitUpsideDown UIInterfaceOrientationLandscapeLeft UIInterfaceOrientationLandscapeRight";
				INFOPLIST_KEY_UISupportedInterfaceOrientations_iPhone = "UIInterfaceOrientationPortrait UIInterfaceOrientationLandscapeLeft UIInterfaceOrientationLandscapeRight";
				IPHONEOS_DEPLOYMENT_TARGET = 17;
				LD_RUNPATH_SEARCH_PATHS = (
					"$(inherited)",
					"@executable_path/Frameworks",
				);
				MARKETING_VERSION = 1.0;
				PRODUCT_BUNDLE_IDENTIFIER = com.pratikcoinlistdemo;
				PRODUCT_NAME = "$(TARGET_NAME)";
				SWIFT_EMIT_LOC_STRINGS = YES;
				SWIFT_VERSION = 5.0;
				TARGETED_DEVICE_FAMILY = "1,2";
			};
			name = Release;
		};
/* End XCBuildConfiguration section */

/* Begin XCConfigurationList section */
		E6CD5AD02D11C43A00F5FDB0 /* Build configuration list for PBXProject "pratikcoinlistdemo" */ = {
			isa = XCConfigurationList;
			buildConfigurations = (
				E6CD5AE72D11C43C00F5FDB0 /* Debug */,
				E6CD5AE82D11C43C00F5FDB0 /* Release */,
			);
			defaultConfigurationIsVisible = 0;
			defaultConfigurationName = Release;
		};
		E6CD5AE92D11C43C00F5FDB0 /* Build configuration list for PBXNativeTarget "pratikcoinlistdemo" */ = {
			isa = XCConfigurationList;
			buildConfigurations = (
				E6CD5AEA2D11C43C00F5FDB0 /* Debug */,
				E6CD5AEB2D11C43C00F5FDB0 /* Release */,
			);
			defaultConfigurationIsVisible = 0;
			defaultConfigurationName = Release;
		};
/* End XCConfigurationList section */

/* Begin XCVersionGroup section */
		E66725082D11F37B00AFD8B6 /* CoinDataModel.xcdatamodeld */ = {
			isa = XCVersionGroup;
			children = (
				E66725092D11F37B00AFD8B6 /* CoinDataModel.xcdatamodel */,
			);
			currentVersion = E66725092D11F37B00AFD8B6 /* CoinDataModel.xcdatamodel */;
			name = CoinDataModel.xcdatamodeld;
			path = /Users/hubilosoftechprivatelimited/Work/Training/coin_list_demo/CoinDataModel.xcdatamodeld;
			sourceTree = "<group>";
			versionGroupType = wrapper.xcdatamodel;
		};
/* End XCVersionGroup section */
	};
	rootObject = E6CD5ACD2D11C43A00F5FDB0 /* Project object */;
}
